// !$*UTF8*$!
{
	archiveVersion = 1;
	classes = {
	};
	objectVersion = 50;
	objects = {

/* Begin PBXBuildFile section */
		3BDAD071256243B50057BD10 /* AppDelegate.m in Sources */ = {isa = PBXBuildFile; fileRef = 3BDAD070256243B50057BD10 /* AppDelegate.m */; };
		3BDAD074256243B50057BD10 /* SceneDelegate.m in Sources */ = {isa = PBXBuildFile; fileRef = 3BDAD073256243B50057BD10 /* SceneDelegate.m */; };
		3BDAD07C256243B60057BD10 /* Assets.xcassets in Resources */ = {isa = PBXBuildFile; fileRef = 3BDAD07B256243B60057BD10 /* Assets.xcassets */; };
		3BDAD07F256243B60057BD10 /* LaunchScreen.storyboard in Resources */ = {isa = PBXBuildFile; fileRef = 3BDAD07D256243B60057BD10 /* LaunchScreen.storyboard */; };
		3BDAD082256243B60057BD10 /* main.m in Sources */ = {isa = PBXBuildFile; fileRef = 3BDAD081256243B60057BD10 /* main.m */; };
		3BDAD08C256246D50057BD10 /* RootViewController.m in Sources */ = {isa = PBXBuildFile; fileRef = 3BDAD08B256246D50057BD10 /* RootViewController.m */; };
		3BDAD094256248E40057BD10 /* Project1.m in Sources */ = {isa = PBXBuildFile; fileRef = 3BDAD093256248E40057BD10 /* Project1.m */; };
		3BDAD09B256249C20057BD10 /* ThirdScreen.m in Sources */ = {isa = PBXBuildFile; fileRef = 3BDAD09A256249C20057BD10 /* ThirdScreen.m */; };
		3BDAD0A0256252960057BD10 /* MyFirstMap.m in Sources */ = {isa = PBXBuildFile; fileRef = 3BDAD09F256252960057BD10 /* MyFirstMap.m */; };
		3BDAD0A425625C2A0057BD10 /* MapAnnotation.m in Sources */ = {isa = PBXBuildFile; fileRef = 3BDAD0A325625C2A0057BD10 /* MapAnnotation.m */; };
/* End PBXBuildFile section */

/* Begin PBXFileReference section */
		3BDAD06C256243B50057BD10 /* programmatic1.app */ = {isa = PBXFileReference; explicitFileType = wrapper.application; includeInIndex = 0; path = programmatic1.app; sourceTree = BUILT_PRODUCTS_DIR; };
		3BDAD06F256243B50057BD10 /* AppDelegate.h */ = {isa = PBXFileReference; lastKnownFileType = sourcecode.c.h; path = AppDelegate.h; sourceTree = "<group>"; };
		3BDAD070256243B50057BD10 /* AppDelegate.m */ = {isa = PBXFileReference; lastKnownFileType = sourcecode.c.objc; path = AppDelegate.m; sourceTree = "<group>"; };
		3BDAD072256243B50057BD10 /* SceneDelegate.h */ = {isa = PBXFileReference; lastKnownFileType = sourcecode.c.h; path = SceneDelegate.h; sourceTree = "<group>"; };
		3BDAD073256243B50057BD10 /* SceneDelegate.m */ = {isa = PBXFileReference; lastKnownFileType = sourcecode.c.objc; path = SceneDelegate.m; sourceTree = "<group>"; };
		3BDAD07B256243B60057BD10 /* Assets.xcassets */ = {isa = PBXFileReference; lastKnownFileType = folder.assetcatalog; path = Assets.xcassets; sourceTree = "<group>"; };
		3BDAD07E256243B60057BD10 /* Base */ = {isa = PBXFileReference; lastKnownFileType = file.storyboard; name = Base; path = Base.lproj/LaunchScreen.storyboard; sourceTree = "<group>"; };
		3BDAD080256243B60057BD10 /* Info.plist */ = {isa = PBXFileReference; lastKnownFileType = text.plist.xml; path = Info.plist; sourceTree = "<group>"; };
		3BDAD081256243B60057BD10 /* main.m */ = {isa = PBXFileReference; lastKnownFileType = sourcecode.c.objc; path = main.m; sourceTree = "<group>"; };
		3BDAD08B256246D50057BD10 /* RootViewController.m */ = {isa = PBXFileReference; lastKnownFileType = sourcecode.c.objc; path = RootViewController.m; sourceTree = "<group>"; };
		3BDAD090256247580057BD10 /* RootViewController.h */ = {isa = PBXFileReference; lastKnownFileType = sourcecode.c.h; path = RootViewController.h; sourceTree = "<group>"; };
		3BDAD092256248D20057BD10 /* Project1.h */ = {isa = PBXFileReference; lastKnownFileType = sourcecode.c.h; path = Project1.h; sourceTree = "<group>"; };
		3BDAD093256248E40057BD10 /* Project1.m */ = {isa = PBXFileReference; lastKnownFileType = sourcecode.c.objc; path = Project1.m; sourceTree = "<group>"; };
		3BDAD0992562499B0057BD10 /* ThirdScreen.h */ = {isa = PBXFileReference; lastKnownFileType = sourcecode.c.h; path = ThirdScreen.h; sourceTree = "<group>"; };
		3BDAD09A256249C20057BD10 /* ThirdScreen.m */ = {isa = PBXFileReference; lastKnownFileType = sourcecode.c.objc; path = ThirdScreen.m; sourceTree = "<group>"; };
		3BDAD09E256252770057BD10 /* MyFirstMap.h */ = {isa = PBXFileReference; lastKnownFileType = sourcecode.c.h; path = MyFirstMap.h; sourceTree = "<group>"; };
		3BDAD09F256252960057BD10 /* MyFirstMap.m */ = {isa = PBXFileReference; lastKnownFileType = sourcecode.c.objc; path = MyFirstMap.m; sourceTree = "<group>"; };
		3BDAD0A225625C150057BD10 /* MapAnnotation.h */ = {isa = PBXFileReference; lastKnownFileType = sourcecode.c.h; path = MapAnnotation.h; sourceTree = "<group>"; };
		3BDAD0A325625C2A0057BD10 /* MapAnnotation.m */ = {isa = PBXFileReference; lastKnownFileType = sourcecode.c.objc; path = MapAnnotation.m; sourceTree = "<group>"; };
/* End PBXFileReference section */

/* Begin PBXFrameworksBuildPhase section */
		3BDAD069256243B50057BD10 /* Frameworks */ = {
			isa = PBXFrameworksBuildPhase;
			buildActionMask = 2147483647;
			files = (
			);
			runOnlyForDeploymentPostprocessing = 0;
		};
/* End PBXFrameworksBuildPhase section */

/* Begin PBXGroup section */
		3BDAD063256243B50057BD10 = {
			isa = PBXGroup;
			children = (
				3BDAD06E256243B50057BD10 /* programmatic1 */,
				3BDAD06D256243B50057BD10 /* Products */,
			);
			sourceTree = "<group>";
		};
		3BDAD06D256243B50057BD10 /* Products */ = {
			isa = PBXGroup;
			children = (
				3BDAD06C256243B50057BD10 /* programmatic1.app */,
			);
			name = Products;
			sourceTree = "<group>";
		};
		3BDAD06E256243B50057BD10 /* programmatic1 */ = {
			isa = PBXGroup;
			children = (
				3BDAD09D256252590057BD10 /* MyFirstMap */,
				3BDAD098256249880057BD10 /* Project2 */,
				3BDAD091256248BD0057BD10 /* Project1 */,
				3BDAD08A256246A80057BD10 /* RootViewController */,
				3BDAD06F256243B50057BD10 /* AppDelegate.h */,
				3BDAD070256243B50057BD10 /* AppDelegate.m */,
				3BDAD072256243B50057BD10 /* SceneDelegate.h */,
				3BDAD073256243B50057BD10 /* SceneDelegate.m */,
				3BDAD07B256243B60057BD10 /* Assets.xcassets */,
				3BDAD07D256243B60057BD10 /* LaunchScreen.storyboard */,
				3BDAD080256243B60057BD10 /* Info.plist */,
				3BDAD081256243B60057BD10 /* main.m */,
			);
			path = programmatic1;
			sourceTree = "<group>";
		};
		3BDAD08A256246A80057BD10 /* RootViewController */ = {
			isa = PBXGroup;
			children = (
				3BDAD08B256246D50057BD10 /* RootViewController.m */,
				3BDAD090256247580057BD10 /* RootViewController.h */,
			);
			path = RootViewController;
			sourceTree = "<group>";
		};
		3BDAD091256248BD0057BD10 /* Project1 */ = {
			isa = PBXGroup;
			children = (
				3BDAD092256248D20057BD10 /* Project1.h */,
				3BDAD093256248E40057BD10 /* Project1.m */,
			);
			path = Project1;
			sourceTree = "<group>";
		};
		3BDAD098256249880057BD10 /* Project2 */ = {
			isa = PBXGroup;
			children = (
				3BDAD0992562499B0057BD10 /* ThirdScreen.h */,
				3BDAD09A256249C20057BD10 /* ThirdScreen.m */,
			);
			path = Project2;
			sourceTree = "<group>";
		};
		3BDAD09D256252590057BD10 /* MyFirstMap */ = {
			isa = PBXGroup;
			children = (
				3BDAD09E256252770057BD10 /* MyFirstMap.h */,
				3BDAD09F256252960057BD10 /* MyFirstMap.m */,
				3BDAD0A225625C150057BD10 /* MapAnnotation.h */,
				3BDAD0A325625C2A0057BD10 /* MapAnnotation.m */,
			);
			path = MyFirstMap;
			sourceTree = "<group>";
		};
/* End PBXGroup section */

/* Begin PBXNativeTarget section */
		3BDAD06B256243B50057BD10 /* programmatic1 */ = {
			isa = PBXNativeTarget;
			buildConfigurationList = 3BDAD085256243B60057BD10 /* Build configuration list for PBXNativeTarget "programmatic1" */;
			buildPhases = (
				3BDAD068256243B50057BD10 /* Sources */,
				3BDAD069256243B50057BD10 /* Frameworks */,
				3BDAD06A256243B50057BD10 /* Resources */,
			);
			buildRules = (
			);
			dependencies = (
			);
			name = programmatic1;
			productName = programmatic1;
			productReference = 3BDAD06C256243B50057BD10 /* programmatic1.app */;
			productType = "com.apple.product-type.application";
		};
/* End PBXNativeTarget section */

/* Begin PBXProject section */
		3BDAD064256243B50057BD10 /* Project object */ = {
			isa = PBXProject;
			attributes = {
				LastUpgradeCheck = 1220;
				TargetAttributes = {
					3BDAD06B256243B50057BD10 = {
						CreatedOnToolsVersion = 12.2;
					};
				};
			};
			buildConfigurationList = 3BDAD067256243B50057BD10 /* Build configuration list for PBXProject "programmatic1" */;
			compatibilityVersion = "Xcode 9.3";
			developmentRegion = en;
			hasScannedForEncodings = 0;
			knownRegions = (
				en,
				Base,
			);
			mainGroup = 3BDAD063256243B50057BD10;
			productRefGroup = 3BDAD06D256243B50057BD10 /* Products */;
			projectDirPath = "";
			projectRoot = "";
			targets = (
				3BDAD06B256243B50057BD10 /* programmatic1 */,
			);
		};
/* End PBXProject section */

/* Begin PBXResourcesBuildPhase section */
		3BDAD06A256243B50057BD10 /* Resources */ = {
			isa = PBXResourcesBuildPhase;
			buildActionMask = 2147483647;
			files = (
				3BDAD07F256243B60057BD10 /* LaunchScreen.storyboard in Resources */,
				3BDAD07C256243B60057BD10 /* Assets.xcassets in Resources */,
			);
			runOnlyForDeploymentPostprocessing = 0;
		};
/* End PBXResourcesBuildPhase section */

/* Begin PBXSourcesBuildPhase section */
		3BDAD068256243B50057BD10 /* Sources */ = {
			isa = PBXSourcesBuildPhase;
			buildActionMask = 2147483647;
			files = (
				3BDAD071256243B50057BD10 /* AppDelegate.m in Sources */,
				3BDAD0A0256252960057BD10 /* MyFirstMap.m in Sources */,
				3BDAD09B256249C20057BD10 /* ThirdScreen.m in Sources */,
				3BDAD0A425625C2A0057BD10 /* MapAnnotation.m in Sources */,
				3BDAD082256243B60057BD10 /* main.m in Sources */,
				3BDAD074256243B50057BD10 /* SceneDelegate.m in Sources */,
				3BDAD08C256246D50057BD10 /* RootViewController.m in Sources */,
				3BDAD094256248E40057BD10 /* Project1.m in Sources */,
			);
			runOnlyForDeploymentPostprocessing = 0;
		};
/* End PBXSourcesBuildPhase section */

/* Begin PBXVariantGroup section */
		3BDAD07D256243B60057BD10 /* LaunchScreen.storyboard */ = {
			isa = PBXVariantGroup;
			children = (
				3BDAD07E256243B60057BD10 /* Base */,
			);
			name = LaunchScreen.storyboard;
			sourceTree = "<group>";
		};
/* End PBXVariantGroup section */

/* Begin XCBuildConfiguration section */
		3BDAD083256243B60057BD10 /* Debug */ = {
			isa = XCBuildConfiguration;
			buildSettings = {
				ALWAYS_SEARCH_USER_PATHS = NO;
				CLANG_ANALYZER_NONNULL = YES;
				CLANG_ANALYZER_NUMBER_OBJECT_CONVERSION = YES_AGGRESSIVE;
				CLANG_CXX_LANGUAGE_STANDARD = "gnu++14";
				CLANG_CXX_LIBRARY = "libc++";
				CLANG_ENABLE_MODULES = YES;
				CLANG_ENABLE_OBJC_ARC = YES;
				CLANG_ENABLE_OBJC_WEAK = YES;
				CLANG_WARN_BLOCK_CAPTURE_AUTORELEASING = YES;
				CLANG_WARN_BOOL_CONVERSION = YES;
				CLANG_WARN_COMMA = YES;
				CLANG_WARN_CONSTANT_CONVERSION = YES;
				CLANG_WARN_DEPRECATED_OBJC_IMPLEMENTATIONS = YES;
				CLANG_WARN_DIRECT_OBJC_ISA_USAGE = YES_ERROR;
				CLANG_WARN_DOCUMENTATION_COMMENTS = YES;
				CLANG_WARN_EMPTY_BODY = YES;
				CLANG_WARN_ENUM_CONVERSION = YES;
				CLANG_WARN_INFINITE_RECURSION = YES;
				CLANG_WARN_INT_CONVERSION = YES;
				CLANG_WARN_NON_LITERAL_NULL_CONVERSION = YES;
				CLANG_WARN_OBJC_IMPLICIT_RETAIN_SELF = YES;
				CLANG_WARN_OBJC_LITERAL_CONVERSION = YES;
				CLANG_WARN_OBJC_ROOT_CLASS = YES_ERROR;
				CLANG_WARN_QUOTED_INCLUDE_IN_FRAMEWORK_HEADER = YES;
				CLANG_WARN_RANGE_LOOP_ANALYSIS = YES;
				CLANG_WARN_STRICT_PROTOTYPES = YES;
				CLANG_WARN_SUSPICIOUS_MOVE = YES;
				CLANG_WARN_UNGUARDED_AVAILABILITY = YES_AGGRESSIVE;
				CLANG_WARN_UNREACHABLE_CODE = YES;
				CLANG_WARN__DUPLICATE_METHOD_MATCH = YES;
				COPY_PHASE_STRIP = NO;
				DEBUG_INFORMATION_FORMAT = dwarf;
				ENABLE_STRICT_OBJC_MSGSEND = YES;
				ENABLE_TESTABILITY = YES;
				GCC_C_LANGUAGE_STANDARD = gnu11;
				GCC_DYNAMIC_NO_PIC = NO;
				GCC_NO_COMMON_BLOCKS = YES;
				GCC_OPTIMIZATION_LEVEL = 0;
				GCC_PREPROCESSOR_DEFINITIONS = (
					"DEBUG=1",
					"$(inherited)",
				);
				GCC_WARN_64_TO_32_BIT_CONVERSION = YES;
				GCC_WARN_ABOUT_RETURN_TYPE = YES_ERROR;
				GCC_WARN_UNDECLARED_SELECTOR = YES;
				GCC_WARN_UNINITIALIZED_AUTOS = YES_AGGRESSIVE;
				GCC_WARN_UNUSED_FUNCTION = YES;
				GCC_WARN_UNUSED_VARIABLE = YES;
				IPHONEOS_DEPLOYMENT_TARGET = 14.2;
				MTL_ENABLE_DEBUG_INFO = INCLUDE_SOURCE;
				MTL_FAST_MATH = YES;
				ONLY_ACTIVE_ARCH = YES;
				SDKROOT = iphoneos;
			};
			name = Debug;
		};
		3BDAD084256243B60057BD10 /* Release */ = {
			isa = XCBuildConfiguration;
			buildSettings = {
				ALWAYS_SEARCH_USER_PATHS = NO;
				CLANG_ANALYZER_NONNULL = YES;
				CLANG_ANALYZER_NUMBER_OBJECT_CONVERSION = YES_AGGRESSIVE;
				CLANG_CXX_LANGUAGE_STANDARD = "gnu++14";
				CLANG_CXX_LIBRARY = "libc++";
				CLANG_ENABLE_MODULES = YES;
				CLANG_ENABLE_OBJC_ARC = YES;
				CLANG_ENABLE_OBJC_WEAK = YES;
				CLANG_WARN_BLOCK_CAPTURE_AUTORELEASING = YES;
				CLANG_WARN_BOOL_CONVERSION = YES;
				CLANG_WARN_COMMA = YES;
				CLANG_WARN_CONSTANT_CONVERSION = YES;
				CLANG_WARN_DEPRECATED_OBJC_IMPLEMENTATIONS = YES;
				CLANG_WARN_DIRECT_OBJC_ISA_USAGE = YES_ERROR;
				CLANG_WARN_DOCUMENTATION_COMMENTS = YES;
				CLANG_WARN_EMPTY_BODY = YES;
				CLANG_WARN_ENUM_CONVERSION = YES;
				CLANG_WARN_INFINITE_RECURSION = YES;
				CLANG_WARN_INT_CONVERSION = YES;
				CLANG_WARN_NON_LITERAL_NULL_CONVERSION = YES;
				CLANG_WARN_OBJC_IMPLICIT_RETAIN_SELF = YES;
				CLANG_WARN_OBJC_LITERAL_CONVERSION = YES;
				CLANG_WARN_OBJC_ROOT_CLASS = YES_ERROR;
				CLANG_WARN_QUOTED_INCLUDE_IN_FRAMEWORK_HEADER = YES;
				CLANG_WARN_RANGE_LOOP_ANALYSIS = YES;
				CLANG_WARN_STRICT_PROTOTYPES = YES;
				CLANG_WARN_SUSPICIOUS_MOVE = YES;
				CLANG_WARN_UNGUARDED_AVAILABILITY = YES_AGGRESSIVE;
				CLANG_WARN_UNREACHABLE_CODE = YES;
				CLANG_WARN__DUPLICATE_METHOD_MATCH = YES;
				COPY_PHASE_STRIP = NO;
				DEBUG_INFORMATION_FORMAT = "dwarf-with-dsym";
				ENABLE_NS_ASSERTIONS = NO;
				ENABLE_STRICT_OBJC_MSGSEND = YES;
				GCC_C_LANGUAGE_STANDARD = gnu11;
				GCC_NO_COMMON_BLOCKS = YES;
				GCC_WARN_64_TO_32_BIT_CONVERSION = YES;
				GCC_WARN_ABOUT_RETURN_TYPE = YES_ERROR;
				GCC_WARN_UNDECLARED_SELECTOR = YES;
				GCC_WARN_UNINITIALIZED_AUTOS = YES_AGGRESSIVE;
				GCC_WARN_UNUSED_FUNCTION = YES;
				GCC_WARN_UNUSED_VARIABLE = YES;
				IPHONEOS_DEPLOYMENT_TARGET = 14.2;
				MTL_ENABLE_DEBUG_INFO = NO;
				MTL_FAST_MATH = YES;
				SDKROOT = iphoneos;
				VALIDATE_PRODUCT = YES;
			};
			name = Release;
		};
		3BDAD086256243B60057BD10 /* Debug */ = {
			isa = XCBuildConfiguration;
			buildSettings = {
				ASSETCATALOG_COMPILER_APPICON_NAME = AppIcon;
				ASSETCATALOG_COMPILER_GLOBAL_ACCENT_COLOR_NAME = AccentColor;
				CODE_SIGN_STYLE = Automatic;
				DEVELOPMENT_TEAM = 2SLKJ7NVJ9;
				INFOPLIST_FILE = programmatic1/Info.plist;
				LD_RUNPATH_SEARCH_PATHS = (
					"$(inherited)",
					"@executable_path/Frameworks",
				);
				PRODUCT_BUNDLE_IDENTIFIER = com.clrmindedprogrammer.programmatic1;
				PRODUCT_NAME = "$(TARGET_NAME)";
				TARGETED_DEVICE_FAMILY = "1,2";
			};
			name = Debug;
		};
		3BDAD087256243B60057BD10 /* Release */ = {
			isa = XCBuildConfiguration;
			buildSettings = {
				ASSETCATALOG_COMPILER_APPICON_NAME = AppIcon;
				ASSETCATALOG_COMPILER_GLOBAL_ACCENT_COLOR_NAME = AccentColor;
				CODE_SIGN_STYLE = Automatic;
				DEVELOPMENT_TEAM = 2SLKJ7NVJ9;
				INFOPLIST_FILE = programmatic1/Info.plist;
				LD_RUNPATH_SEARCH_PATHS = (
					"$(inherited)",
					"@executable_path/Frameworks",
				);
				PRODUCT_BUNDLE_IDENTIFIER = com.clrmindedprogrammer.programmatic1;
				PRODUCT_NAME = "$(TARGET_NAME)";
				TARGETED_DEVICE_FAMILY = "1,2";
			};
			name = Release;
		};
/* End XCBuildConfiguration section */

/* Begin XCConfigurationList section */
		3BDAD067256243B50057BD10 /* Build configuration list for PBXProject "programmatic1" */ = {
			isa = XCConfigurationList;
			buildConfigurations = (
				3BDAD083256243B60057BD10 /* Debug */,
				3BDAD084256243B60057BD10 /* Release */,
			);
			defaultConfigurationIsVisible = 0;
			defaultConfigurationName = Release;
		};
		3BDAD085256243B60057BD10 /* Build configuration list for PBXNativeTarget "programmatic1" */ = {
			isa = XCConfigurationList;
			buildConfigurations = (
				3BDAD086256243B60057BD10 /* Debug */,
				3BDAD087256243B60057BD10 /* Release */,
			);
			defaultConfigurationIsVisible = 0;
			defaultConfigurationName = Release;
		};
/* End XCConfigurationList section */
	};
	rootObject = 3BDAD064256243B50057BD10 /* Project object */;
}
